
Microsoft Visual Studio Solution File, Format Version 12.00
# Visual Studio Version 17
VisualStudioVersion = 17.11.35303.130
MinimumVisualStudioVersion = 10.0.40219.1
Project("{FAE04EC0-301F-11D3-BF4B-00C04F79EFBC}") = "constructors", "constructors\constructors.csproj", "{87ADA770-520F-4A5E-AD47-9E8692194FB6}"
EndProject
Global
	GlobalSection(SolutionConfigurationPlatforms) = preSolution
		Debug|Any CPU = Debug|Any CPU
		Release|Any CPU = Release|Any CPU
	EndGlobalSection
	GlobalSection(ProjectConfigurationPlatforms) = postSolution
		{87ADA770-520F-4A5E-AD47-9E8692194FB6}.Debug|Any CPU.ActiveCfg = Debug|Any CPU
		{87ADA770-520F-4A5E-AD47-9E8692194FB6}.Debug|Any CPU.Build.0 = Debug|Any CPU
		{87ADA770-520F-4A5E-AD47-9E8692194FB6}.Release|Any CPU.ActiveCfg = Release|Any CPU
		{87ADA770-520F-4A5E-AD47-9E8692194FB6}.Release|Any CPU.Build.0 = Release|Any CPU
	EndGlobalSection
	GlobalSection(SolutionProperties) = preSolution
		HideSolutionNode = FALSE
	EndGlobalSection
	GlobalSection(ExtensibilityGlobals) = postSolution
		SolutionGuid = {D503A3EA-45FC-4B7C-9F0C-B624B41FDE01}
	EndGlobalSection
EndGlobal
